dependencies:
- name: helm-product
  repository: oci://ghcr.io/onecx/charts
  version: 0.4.0
- name: onecx-parameter-svc
  repository: oci://ghcr.io/onecx/charts
  version: 1.7.0-rc.2
- name: onecx-parameter-bff
  repository: oci://ghcr.io/onecx/charts
  version: 1.6.0-rc.2
- name: onecx-parameter-ui
  repository: oci://ghcr.io/onecx/charts
  version: 1.8.0-rc.2
- name: onecx-parameter-operator
  repository: oci://ghcr.io/onecx/charts
  version: 1.7.0-rc.2
digest: sha256:de5419ced4f2b3e2743e4ce6d8dc505f2222bbb8cf75534bfb90089f0b741fd0
generated: "2026-02-11T10:22:51.583649403Z"
