dependencies:
- name: helm-product
  repository: oci://ghcr.io/onecx/charts
  version: 0.2.0
- name: onecx-parameter-svc
  repository: oci://ghcr.io/onecx/charts
  version: 0.1.0-rc.63
- name: onecx-parameter-bff
  repository: oci://ghcr.io/onecx/charts
  version: 0.0.0-rc.74
- name: onecx-parameter-ui
  repository: oci://ghcr.io/onecx/charts
  version: 0.0.0-rc.54
digest: sha256:12bbfe43e603a0b5ab35ae431f770c545230639083d828491392ebad0efbb92b
generated: "2024-12-19T16:03:38.011699648Z"
